
Microsoft Visual Studio Solution File, Format Version 12.00
# Visual Studio Version 16
VisualStudioVersion = 16.0.29905.134
MinimumVisualStudioVersion = 10.0.40219.1
Project("{9A19103F-16F7-4668-BE54-9A1E7A4F7556}") = "ChessGame.Application", "ChessGame.Application\ChessGame.Application.csproj", "{C0F75BA4-18A0-4CDD-90CC-97E166750474}"
EndProject
Project("{9A19103F-16F7-4668-BE54-9A1E7A4F7556}") = "ChessGame.Infrastructure", "ChessGame.Infrastructure\ChessGame.Infrastructure.csproj", "{77283302-31B5-496C-BC80-98F1E1A7C263}"
EndProject
Project("{2150E333-8FDC-42A3-9474-1A3956D46DE8}") = "Domain", "Domain", "{B3158E8A-3DE1-472D-826E-08A831841589}"
EndProject
Project("{2150E333-8FDC-42A3-9474-1A3956D46DE8}") = "Application", "Application", "{9C9C2A8E-A396-4C83-BA88-3D91E9015522}"
EndProject
Project("{2150E333-8FDC-42A3-9474-1A3956D46DE8}") = "Infrastructure", "Infrastructure", "{C2761E8F-071A-4F3F-8830-490159E4894C}"
EndProject
Project("{2150E333-8FDC-42A3-9474-1A3956D46DE8}") = "Tests", "Tests", "{0834C62B-C575-4150-81D5-ABEFCDE7A571}"
EndProject
Project("{2150E333-8FDC-42A3-9474-1A3956D46DE8}") = "Tests", "Tests", "{AFA2D998-B9C7-4C3F-BABE-4A3B804002C8}"
EndProject
Project("{2150E333-8FDC-42A3-9474-1A3956D46DE8}") = "Tests", "Tests", "{92522CDA-E21C-4E9C-B736-7929C9D367B7}"
EndProject
Project("{9A19103F-16F7-4668-BE54-9A1E7A4F7556}") = "ChessGame.Domain", "ChessGame.Domain\ChessGame.Domain.csproj", "{1D5D40F5-C7CB-4DE7-BBFE-3D48CA175759}"
EndProject
Project("{9A19103F-16F7-4668-BE54-9A1E7A4F7556}") = "ChessGame.Domain.Tests", "ChessGame.Domain.Tests\ChessGame.Domain.Tests.csproj", "{6247FBC5-8631-42E1-90F9-809871C82DF9}"
EndProject
Project("{9A19103F-16F7-4668-BE54-9A1E7A4F7556}") = "ChessGame.Application.Tests", "ChessGame.Application.Tests\ChessGame.Application.Tests.csproj", "{7EF104FD-66EC-4EE2-A923-7035FB9FFB1A}"
EndProject
Project("{9A19103F-16F7-4668-BE54-9A1E7A4F7556}") = "ChessGame.Api", "ChessGame.Api\ChessGame.Api.csproj", "{30CC58DB-0969-4DE4-95CC-50F2D916BF15}"
EndProject
Project("{2150E333-8FDC-42A3-9474-1A3956D46DE8}") = "Presentation", "Presentation", "{CF0F7D8A-AFDD-4F86-BE7F-E8C8C5245E6A}"
EndProject
Project("{FAE04EC0-301F-11D3-BF4B-00C04F79EFBC}") = "ChessGame.Infrastructure.Tests", "ChessGame.Infrastructure.Tests\ChessGame.Infrastructure.Tests.csproj", "{FD679FAA-F072-4900-9EC2-F71080ED39DE}"
EndProject
Project("{2150E333-8FDC-42A3-9474-1A3956D46DE8}") = "Tests", "Tests", "{3BA7BC10-A4B7-4968-9734-C9444AE7A5A3}"
EndProject
Project("{FAE04EC0-301F-11D3-BF4B-00C04F79EFBC}") = "ChessGame.Api.Tests", "ChessGame.Api.Tests\ChessGame.Api.Tests.csproj", "{B52EC989-7A80-488A-85A2-3E1B0BC19539}"
EndProject
Global
	GlobalSection(SolutionConfigurationPlatforms) = preSolution
		Debug|Any CPU = Debug|Any CPU
		Release|Any CPU = Release|Any CPU
	EndGlobalSection
	GlobalSection(ProjectConfigurationPlatforms) = postSolution
		{C0F75BA4-18A0-4CDD-90CC-97E166750474}.Debug|Any CPU.ActiveCfg = Debug|Any CPU
		{C0F75BA4-18A0-4CDD-90CC-97E166750474}.Debug|Any CPU.Build.0 = Debug|Any CPU
		{C0F75BA4-18A0-4CDD-90CC-97E166750474}.Release|Any CPU.ActiveCfg = Release|Any CPU
		{C0F75BA4-18A0-4CDD-90CC-97E166750474}.Release|Any CPU.Build.0 = Release|Any CPU
		{77283302-31B5-496C-BC80-98F1E1A7C263}.Debug|Any CPU.ActiveCfg = Debug|Any CPU
		{77283302-31B5-496C-BC80-98F1E1A7C263}.Debug|Any CPU.Build.0 = Debug|Any CPU
		{77283302-31B5-496C-BC80-98F1E1A7C263}.Release|Any CPU.ActiveCfg = Release|Any CPU
		{77283302-31B5-496C-BC80-98F1E1A7C263}.Release|Any CPU.Build.0 = Release|Any CPU
		{1D5D40F5-C7CB-4DE7-BBFE-3D48CA175759}.Debug|Any CPU.ActiveCfg = Debug|Any CPU
		{1D5D40F5-C7CB-4DE7-BBFE-3D48CA175759}.Debug|Any CPU.Build.0 = Debug|Any CPU
		{1D5D40F5-C7CB-4DE7-BBFE-3D48CA175759}.Release|Any CPU.ActiveCfg = Release|Any CPU
		{1D5D40F5-C7CB-4DE7-BBFE-3D48CA175759}.Release|Any CPU.Build.0 = Release|Any CPU
		{6247FBC5-8631-42E1-90F9-809871C82DF9}.Debug|Any CPU.ActiveCfg = Debug|Any CPU
		{6247FBC5-8631-42E1-90F9-809871C82DF9}.Debug|Any CPU.Build.0 = Debug|Any CPU
		{6247FBC5-8631-42E1-90F9-809871C82DF9}.Release|Any CPU.ActiveCfg = Release|Any CPU
		{6247FBC5-8631-42E1-90F9-809871C82DF9}.Release|Any CPU.Build.0 = Release|Any CPU
		{7EF104FD-66EC-4EE2-A923-7035FB9FFB1A}.Debug|Any CPU.ActiveCfg = Debug|Any CPU
		{7EF104FD-66EC-4EE2-A923-7035FB9FFB1A}.Debug|Any CPU.Build.0 = Debug|Any CPU
		{7EF104FD-66EC-4EE2-A923-7035FB9FFB1A}.Release|Any CPU.ActiveCfg = Release|Any CPU
		{7EF104FD-66EC-4EE2-A923-7035FB9FFB1A}.Release|Any CPU.Build.0 = Release|Any CPU
		{30CC58DB-0969-4DE4-95CC-50F2D916BF15}.Debug|Any CPU.ActiveCfg = Debug|Any CPU
		{30CC58DB-0969-4DE4-95CC-50F2D916BF15}.Debug|Any CPU.Build.0 = Debug|Any CPU
		{30CC58DB-0969-4DE4-95CC-50F2D916BF15}.Release|Any CPU.ActiveCfg = Release|Any CPU
		{30CC58DB-0969-4DE4-95CC-50F2D916BF15}.Release|Any CPU.Build.0 = Release|Any CPU
		{FD679FAA-F072-4900-9EC2-F71080ED39DE}.Debug|Any CPU.ActiveCfg = Debug|Any CPU
		{FD679FAA-F072-4900-9EC2-F71080ED39DE}.Debug|Any CPU.Build.0 = Debug|Any CPU
		{FD679FAA-F072-4900-9EC2-F71080ED39DE}.Release|Any CPU.ActiveCfg = Release|Any CPU
		{FD679FAA-F072-4900-9EC2-F71080ED39DE}.Release|Any CPU.Build.0 = Release|Any CPU
		{B52EC989-7A80-488A-85A2-3E1B0BC19539}.Debug|Any CPU.ActiveCfg = Debug|Any CPU
		{B52EC989-7A80-488A-85A2-3E1B0BC19539}.Debug|Any CPU.Build.0 = Debug|Any CPU
		{B52EC989-7A80-488A-85A2-3E1B0BC19539}.Release|Any CPU.ActiveCfg = Release|Any CPU
		{B52EC989-7A80-488A-85A2-3E1B0BC19539}.Release|Any CPU.Build.0 = Release|Any CPU
	EndGlobalSection
	GlobalSection(SolutionProperties) = preSolution
		HideSolutionNode = FALSE
	EndGlobalSection
	GlobalSection(NestedProjects) = preSolution
		{C0F75BA4-18A0-4CDD-90CC-97E166750474} = {9C9C2A8E-A396-4C83-BA88-3D91E9015522}
		{77283302-31B5-496C-BC80-98F1E1A7C263} = {C2761E8F-071A-4F3F-8830-490159E4894C}
		{0834C62B-C575-4150-81D5-ABEFCDE7A571} = {9C9C2A8E-A396-4C83-BA88-3D91E9015522}
		{AFA2D998-B9C7-4C3F-BABE-4A3B804002C8} = {B3158E8A-3DE1-472D-826E-08A831841589}
		{92522CDA-E21C-4E9C-B736-7929C9D367B7} = {C2761E8F-071A-4F3F-8830-490159E4894C}
		{1D5D40F5-C7CB-4DE7-BBFE-3D48CA175759} = {B3158E8A-3DE1-472D-826E-08A831841589}
		{6247FBC5-8631-42E1-90F9-809871C82DF9} = {AFA2D998-B9C7-4C3F-BABE-4A3B804002C8}
		{7EF104FD-66EC-4EE2-A923-7035FB9FFB1A} = {0834C62B-C575-4150-81D5-ABEFCDE7A571}
		{30CC58DB-0969-4DE4-95CC-50F2D916BF15} = {CF0F7D8A-AFDD-4F86-BE7F-E8C8C5245E6A}
		{FD679FAA-F072-4900-9EC2-F71080ED39DE} = {92522CDA-E21C-4E9C-B736-7929C9D367B7}
		{3BA7BC10-A4B7-4968-9734-C9444AE7A5A3} = {CF0F7D8A-AFDD-4F86-BE7F-E8C8C5245E6A}
		{B52EC989-7A80-488A-85A2-3E1B0BC19539} = {3BA7BC10-A4B7-4968-9734-C9444AE7A5A3}
	EndGlobalSection
	GlobalSection(ExtensibilityGlobals) = postSolution
		SolutionGuid = {915D8942-4C7C-48DA-AE6B-4C01A844DF44}
	EndGlobalSection
EndGlobal
